// !$*UTF8*$!
{
	archiveVersion = 1;
	classes = {
	};
	objectVersion = 46;
	objects = {

/* Begin PBXBuildFile section */
		1FC68BDB18ECF82700788135 /* Foundation.framework in Frameworks */ = {isa = PBXBuildFile; fileRef = 1FC68BDA18ECF82700788135 /* Foundation.framework */; };
		1FC68BDD18ECF82700788135 /* CoreGraphics.framework in Frameworks */ = {isa = PBXBuildFile; fileRef = 1FC68BDC18ECF82700788135 /* CoreGraphics.framework */; };
		1FC68BDF18ECF82700788135 /* UIKit.framework in Frameworks */ = {isa = PBXBuildFile; fileRef = 1FC68BDE18ECF82700788135 /* UIKit.framework */; };
		1FC68BE518ECF82700788135 /* InfoPlist.strings in Resources */ = {isa = PBXBuildFile; fileRef = 1FC68BE318ECF82700788135 /* InfoPlist.strings */; };
		1FC68BE718ECF82700788135 /* main.m in Sources */ = {isa = PBXBuildFile; fileRef = 1FC68BE618ECF82700788135 /* main.m */; };
		1FC68BEB18ECF82700788135 /* MBAppDelegate.m in Sources */ = {isa = PBXBuildFile; fileRef = 1FC68BEA18ECF82700788135 /* MBAppDelegate.m */; };
		1FC68BEE18ECF82700788135 /* Main.storyboard in Resources */ = {isa = PBXBuildFile; fileRef = 1FC68BEC18ECF82700788135 /* Main.storyboard */; };
		1FC68BF118ECF82700788135 /* MBFirstViewController.m in Sources */ = {isa = PBXBuildFile; fileRef = 1FC68BF018ECF82700788135 /* MBFirstViewController.m */; };
		1FC68BF418ECF82700788135 /* MBSecondViewController.m in Sources */ = {isa = PBXBuildFile; fileRef = 1FC68BF318ECF82700788135 /* MBSecondViewController.m */; };
		1FC68BF618ECF82700788135 /* Images.xcassets in Resources */ = {isa = PBXBuildFile; fileRef = 1FC68BF518ECF82700788135 /* Images.xcassets */; };
		1FC68BFD18ECF82700788135 /* XCTest.framework in Frameworks */ = {isa = PBXBuildFile; fileRef = 1FC68BFC18ECF82700788135 /* XCTest.framework */; };
		1FC68BFE18ECF82700788135 /* Foundation.framework in Frameworks */ = {isa = PBXBuildFile; fileRef = 1FC68BDA18ECF82700788135 /* Foundation.framework */; };
		1FC68BFF18ECF82700788135 /* UIKit.framework in Frameworks */ = {isa = PBXBuildFile; fileRef = 1FC68BDE18ECF82700788135 /* UIKit.framework */; };
		1FC68C0718ECF82700788135 /* InfoPlist.strings in Resources */ = {isa = PBXBuildFile; fileRef = 1FC68C0518ECF82700788135 /* InfoPlist.strings */; };
		1FC68C0918ECF82700788135 /* MatchUpTests.m in Sources */ = {isa = PBXBuildFile; fileRef = 1FC68C0818ECF82700788135 /* MatchUpTests.m */; };
/* End PBXBuildFile section */

/* Begin PBXContainerItemProxy section */
		1FC68C0018ECF82700788135 /* PBXContainerItemProxy */ = {
			isa = PBXContainerItemProxy;
			containerPortal = 1FC68BCF18ECF82700788135 /* Project object */;
			proxyType = 1;
			remoteGlobalIDString = 1FC68BD618ECF82700788135;
			remoteInfo = MatchUp;
		};
/* End PBXContainerItemProxy section */

/* Begin PBXFileReference section */
		1FC68BD718ECF82700788135 /* MatchUp.app */ = {isa = PBXFileReference; explicitFileType = wrapper.application; includeInIndex = 0; path = MatchUp.app; sourceTree = BUILT_PRODUCTS_DIR; };
		1FC68BDA18ECF82700788135 /* Foundation.framework */ = {isa = PBXFileReference; lastKnownFileType = wrapper.framework; name = Foundation.framework; path = System/Library/Frameworks/Foundation.framework; sourceTree = SDKROOT; };
		1FC68BDC18ECF82700788135 /* CoreGraphics.framework */ = {isa = PBXFileReference; lastKnownFileType = wrapper.framework; name = CoreGraphics.framework; path = System/Library/Frameworks/CoreGraphics.framework; sourceTree = SDKROOT; };
		1FC68BDE18ECF82700788135 /* UIKit.framework */ = {isa = PBXFileReference; lastKnownFileType = wrapper.framework; name = UIKit.framework; path = System/Library/Frameworks/UIKit.framework; sourceTree = SDKROOT; };
		1FC68BE218ECF82700788135 /* MatchUp-Info.plist */ = {isa = PBXFileReference; lastKnownFileType = text.plist.xml; path = "MatchUp-Info.plist"; sourceTree = "<group>"; };
		1FC68BE418ECF82700788135 /* en */ = {isa = PBXFileReference; lastKnownFileType = text.plist.strings; name = en; path = en.lproj/InfoPlist.strings; sourceTree = "<group>"; };
		1FC68BE618ECF82700788135 /* main.m */ = {isa = PBXFileReference; lastKnownFileType = sourcecode.c.objc; path = main.m; sourceTree = "<group>"; };
		1FC68BE818ECF82700788135 /* MatchUp-Prefix.pch */ = {isa = PBXFileReference; lastKnownFileType = sourcecode.c.h; path = "MatchUp-Prefix.pch"; sourceTree = "<group>"; };
		1FC68BE918ECF82700788135 /* MBAppDelegate.h */ = {isa = PBXFileReference; lastKnownFileType = sourcecode.c.h; path = MBAppDelegate.h; sourceTree = "<group>"; };
		1FC68BEA18ECF82700788135 /* MBAppDelegate.m */ = {isa = PBXFileReference; lastKnownFileType = sourcecode.c.objc; path = MBAppDelegate.m; sourceTree = "<group>"; };
		1FC68BED18ECF82700788135 /* Base */ = {isa = PBXFileReference; lastKnownFileType = file.storyboard; name = Base; path = Base.lproj/Main.storyboard; sourceTree = "<group>"; };
		1FC68BEF18ECF82700788135 /* MBFirstViewController.h */ = {isa = PBXFileReference; lastKnownFileType = sourcecode.c.h; path = MBFirstViewController.h; sourceTree = "<group>"; };
		1FC68BF018ECF82700788135 /* MBFirstViewController.m */ = {isa = PBXFileReference; lastKnownFileType = sourcecode.c.objc; path = MBFirstViewController.m; sourceTree = "<group>"; };
		1FC68BF218ECF82700788135 /* MBSecondViewController.h */ = {isa = PBXFileReference; lastKnownFileType = sourcecode.c.h; path = MBSecondViewController.h; sourceTree = "<group>"; };
		1FC68BF318ECF82700788135 /* MBSecondViewController.m */ = {isa = PBXFileReference; lastKnownFileType = sourcecode.c.objc; path = MBSecondViewController.m; sourceTree = "<group>"; };
		1FC68BF518ECF82700788135 /* Images.xcassets */ = {isa = PBXFileReference; lastKnownFileType = folder.assetcatalog; path = Images.xcassets; sourceTree = "<group>"; };
		1FC68BFB18ECF82700788135 /* MatchUpTests.xctest */ = {isa = PBXFileReference; explicitFileType = wrapper.cfbundle; includeInIndex = 0; path = MatchUpTests.xctest; sourceTree = BUILT_PRODUCTS_DIR; };
		1FC68BFC18ECF82700788135 /* XCTest.framework */ = {isa = PBXFileReference; lastKnownFileType = wrapper.framework; name = XCTest.framework; path = Library/Frameworks/XCTest.framework; sourceTree = DEVELOPER_DIR; };
		1FC68C0418ECF82700788135 /* MatchUpTests-Info.plist */ = {isa = PBXFileReference; lastKnownFileType = text.plist.xml; path = "MatchUpTests-Info.plist"; sourceTree = "<group>"; };
		1FC68C0618ECF82700788135 /* en */ = {isa = PBXFileReference; lastKnownFileType = text.plist.strings; name = en; path = en.lproj/InfoPlist.strings; sourceTree = "<group>"; };
		1FC68C0818ECF82700788135 /* MatchUpTests.m */ = {isa = PBXFileReference; lastKnownFileType = sourcecode.c.objc; path = MatchUpTests.m; sourceTree = "<group>"; };
/* End PBXFileReference section */

/* Begin PBXFrameworksBuildPhase section */
		1FC68BD418ECF82700788135 /* Frameworks */ = {
			isa = PBXFrameworksBuildPhase;
			buildActionMask = 2147483647;
			files = (
				1FC68BDD18ECF82700788135 /* CoreGraphics.framework in Frameworks */,
				1FC68BDF18ECF82700788135 /* UIKit.framework in Frameworks */,
				1FC68BDB18ECF82700788135 /* Foundation.framework in Frameworks */,
			);
			runOnlyForDeploymentPostprocessing = 0;
		};
		1FC68BF818ECF82700788135 /* Frameworks */ = {
			isa = PBXFrameworksBuildPhase;
			buildActionMask = 2147483647;
			files = (
				1FC68BFD18ECF82700788135 /* XCTest.framework in Frameworks */,
				1FC68BFF18ECF82700788135 /* UIKit.framework in Frameworks */,
				1FC68BFE18ECF82700788135 /* Foundation.framework in Frameworks */,
			);
			runOnlyForDeploymentPostprocessing = 0;
		};
/* End PBXFrameworksBuildPhase section */

/* Begin PBXGroup section */
		1FC68BCE18ECF82700788135 = {
			isa = PBXGroup;
			children = (
				1FC68BE018ECF82700788135 /* MatchUp */,
				1FC68C0218ECF82700788135 /* MatchUpTests */,
				1FC68BD918ECF82700788135 /* Frameworks */,
				1FC68BD818ECF82700788135 /* Products */,
			);
			sourceTree = "<group>";
		};
		1FC68BD818ECF82700788135 /* Products */ = {
			isa = PBXGroup;
			children = (
				1FC68BD718ECF82700788135 /* MatchUp.app */,
				1FC68BFB18ECF82700788135 /* MatchUpTests.xctest */,
			);
			name = Products;
			sourceTree = "<group>";
		};
		1FC68BD918ECF82700788135 /* Frameworks */ = {
			isa = PBXGroup;
			children = (
				1FC68BDA18ECF82700788135 /* Foundation.framework */,
				1FC68BDC18ECF82700788135 /* CoreGraphics.framework */,
				1FC68BDE18ECF82700788135 /* UIKit.framework */,
				1FC68BFC18ECF82700788135 /* XCTest.framework */,
			);
			name = Frameworks;
			sourceTree = "<group>";
		};
		1FC68BE018ECF82700788135 /* MatchUp */ = {
			isa = PBXGroup;
			children = (
				1FC68BE918ECF82700788135 /* MBAppDelegate.h */,
				1FC68BEA18ECF82700788135 /* MBAppDelegate.m */,
				1FC68BEC18ECF82700788135 /* Main.storyboard */,
				1FC68BEF18ECF82700788135 /* MBFirstViewController.h */,
				1FC68BF018ECF82700788135 /* MBFirstViewController.m */,
				1FC68BF218ECF82700788135 /* MBSecondViewController.h */,
				1FC68BF318ECF82700788135 /* MBSecondViewController.m */,
				1FC68BF518ECF82700788135 /* Images.xcassets */,
				1FC68BE118ECF82700788135 /* Supporting Files */,
			);
			path = MatchUp;
			sourceTree = "<group>";
		};
		1FC68BE118ECF82700788135 /* Supporting Files */ = {
			isa = PBXGroup;
			children = (
				1FC68BE218ECF82700788135 /* MatchUp-Info.plist */,
				1FC68BE318ECF82700788135 /* InfoPlist.strings */,
				1FC68BE618ECF82700788135 /* main.m */,
				1FC68BE818ECF82700788135 /* MatchUp-Prefix.pch */,
			);
			name = "Supporting Files";
			sourceTree = "<group>";
		};
		1FC68C0218ECF82700788135 /* MatchUpTests */ = {
			isa = PBXGroup;
			children = (
				1FC68C0818ECF82700788135 /* MatchUpTests.m */,
				1FC68C0318ECF82700788135 /* Supporting Files */,
			);
			path = MatchUpTests;
			sourceTree = "<group>";
		};
		1FC68C0318ECF82700788135 /* Supporting Files */ = {
			isa = PBXGroup;
			children = (
				1FC68C0418ECF82700788135 /* MatchUpTests-Info.plist */,
				1FC68C0518ECF82700788135 /* InfoPlist.strings */,
			);
			name = "Supporting Files";
			sourceTree = "<group>";
		};
/* End PBXGroup section */

/* Begin PBXNativeTarget section */
		1FC68BD618ECF82700788135 /* MatchUp */ = {
			isa = PBXNativeTarget;
			buildConfigurationList = 1FC68C0C18ECF82700788135 /* Build configuration list for PBXNativeTarget "MatchUp" */;
			buildPhases = (
				1FC68BD318ECF82700788135 /* Sources */,
				1FC68BD418ECF82700788135 /* Frameworks */,
				1FC68BD518ECF82700788135 /* Resources */,
			);
			buildRules = (
			);
			dependencies = (
			);
			name = MatchUp;
			productName = MatchUp;
			productReference = 1FC68BD718ECF82700788135 /* MatchUp.app */;
			productType = "com.apple.product-type.application";
		};
		1FC68BFA18ECF82700788135 /* MatchUpTests */ = {
			isa = PBXNativeTarget;
			buildConfigurationList = 1FC68C0F18ECF82700788135 /* Build configuration list for PBXNativeTarget "MatchUpTests" */;
			buildPhases = (
				1FC68BF718ECF82700788135 /* Sources */,
				1FC68BF818ECF82700788135 /* Frameworks */,
				1FC68BF918ECF82700788135 /* Resources */,
			);
			buildRules = (
			);
			dependencies = (
				1FC68C0118ECF82700788135 /* PBXTargetDependency */,
			);
			name = MatchUpTests;
			productName = MatchUpTests;
			productReference = 1FC68BFB18ECF82700788135 /* MatchUpTests.xctest */;
			productType = "com.apple.product-type.bundle.unit-test";
		};
/* End PBXNativeTarget section */

/* Begin PBXProject section */
		1FC68BCF18ECF82700788135 /* Project object */ = {
			isa = PBXProject;
			attributes = {
				CLASSPREFIX = MB;
				LastUpgradeCheck = 0510;
				ORGANIZATIONNAME = McCay;
				TargetAttributes = {
					1FC68BFA18ECF82700788135 = {
						TestTargetID = 1FC68BD618ECF82700788135;
					};
				};
			};
			buildConfigurationList = 1FC68BD218ECF82700788135 /* Build configuration list for PBXProject "MatchUp" */;
			compatibilityVersion = "Xcode 3.2";
			developmentRegion = English;
			hasScannedForEncodings = 0;
			knownRegions = (
				en,
				Base,
			);
			mainGroup = 1FC68BCE18ECF82700788135;
			productRefGroup = 1FC68BD818ECF82700788135 /* Products */;
			projectDirPath = "";
			projectRoot = "";
			targets = (
				1FC68BD618ECF82700788135 /* MatchUp */,
				1FC68BFA18ECF82700788135 /* MatchUpTests */,
			);
		};
/* End PBXProject section */

/* Begin PBXResourcesBuildPhase section */
		1FC68BD518ECF82700788135 /* Resources */ = {
			isa = PBXResourcesBuildPhase;
			buildActionMask = 2147483647;
			files = (
				1FC68BF618ECF82700788135 /* Images.xcassets in Resources */,
				1FC68BE518ECF82700788135 /* InfoPlist.strings in Resources */,
				1FC68BEE18ECF82700788135 /* Main.storyboard in Resources */,
			);
			runOnlyForDeploymentPostprocessing = 0;
		};
		1FC68BF918ECF82700788135 /* Resources */ = {
			isa = PBXResourcesBuildPhase;
			buildActionMask = 2147483647;
			files = (
				1FC68C0718ECF82700788135 /* InfoPlist.strings in Resources */,
			);
			runOnlyForDeploymentPostprocessing = 0;
		};
/* End PBXResourcesBuildPhase section */

/* Begin PBXSourcesBuildPhase section */
		1FC68BD318ECF82700788135 /* Sources */ = {
			isa = PBXSourcesBuildPhase;
			buildActionMask = 2147483647;
			files = (
				1FC68BF118ECF82700788135 /* MBFirstViewController.m in Sources */,
				1FC68BF418ECF82700788135 /* MBSecondViewController.m in Sources */,
				1FC68BE718ECF82700788135 /* main.m in Sources */,
				1FC68BEB18ECF82700788135 /* MBAppDelegate.m in Sources */,
			);
			runOnlyForDeploymentPostprocessing = 0;
		};
		1FC68BF718ECF82700788135 /* Sources */ = {
			isa = PBXSourcesBuildPhase;
			buildActionMask = 2147483647;
			files = (
				1FC68C0918ECF82700788135 /* MatchUpTests.m in Sources */,
			);
			runOnlyForDeploymentPostprocessing = 0;
		};
/* End PBXSourcesBuildPhase section */

/* Begin PBXTargetDependency section */
		1FC68C0118ECF82700788135 /* PBXTargetDependency */ = {
			isa = PBXTargetDependency;
			target = 1FC68BD618ECF82700788135 /* MatchUp */;
			targetProxy = 1FC68C0018ECF82700788135 /* PBXContainerItemProxy */;
		};
/* End PBXTargetDependency section */

/* Begin PBXVariantGroup section */
		1FC68BE318ECF82700788135 /* InfoPlist.strings */ = {
			isa = PBXVariantGroup;
			children = (
				1FC68BE418ECF82700788135 /* en */,
			);
			name = InfoPlist.strings;
			sourceTree = "<group>";
		};
		1FC68BEC18ECF82700788135 /* Main.storyboard */ = {
			isa = PBXVariantGroup;
			children = (
				1FC68BED18ECF82700788135 /* Base */,
			);
			name = Main.storyboard;
			sourceTree = "<group>";
		};
		1FC68C0518ECF82700788135 /* InfoPlist.strings */ = {
			isa = PBXVariantGroup;
			children = (
				1FC68C0618ECF82700788135 /* en */,
			);
			name = InfoPlist.strings;
			sourceTree = "<group>";
		};
/* End PBXVariantGroup section */

/* Begin XCBuildConfiguration section */
		1FC68C0A18ECF82700788135 /* Debug */ = {
			isa = XCBuildConfiguration;
			buildSettings = {
				ALWAYS_SEARCH_USER_PATHS = NO;
				CLANG_CXX_LANGUAGE_STANDARD = "gnu++0x";
				CLANG_CXX_LIBRARY = "libc++";
				CLANG_ENABLE_MODULES = YES;
				CLANG_ENABLE_OBJC_ARC = YES;
				CLANG_WARN_BOOL_CONVERSION = YES;
				CLANG_WARN_CONSTANT_CONVERSION = YES;
				CLANG_WARN_DIRECT_OBJC_ISA_USAGE = YES_ERROR;
				CLANG_WARN_EMPTY_BODY = YES;
				CLANG_WARN_ENUM_CONVERSION = YES;
				CLANG_WARN_INT_CONVERSION = YES;
				CLANG_WARN_OBJC_ROOT_CLASS = YES_ERROR;
				CLANG_WARN__DUPLICATE_METHOD_MATCH = YES;
				"CODE_SIGN_IDENTITY[sdk=iphoneos*]" = "iPhone Developer";
				COPY_PHASE_STRIP = NO;
				GCC_C_LANGUAGE_STANDARD = gnu99;
				GCC_DYNAMIC_NO_PIC = NO;
				GCC_OPTIMIZATION_LEVEL = 0;
				GCC_PREPROCESSOR_DEFINITIONS = (
					"DEBUG=1",
					"$(inherited)",
				);
				GCC_SYMBOLS_PRIVATE_EXTERN = NO;
				GCC_WARN_64_TO_32_BIT_CONVERSION = YES;
				GCC_WARN_ABOUT_RETURN_TYPE = YES_ERROR;
				GCC_WARN_UNDECLARED_SELECTOR = YES;
				GCC_WARN_UNINITIALIZED_AUTOS = YES_AGGRESSIVE;
				GCC_WARN_UNUSED_FUNCTION = YES;
				GCC_WARN_UNUSED_VARIABLE = YES;
				IPHONEOS_DEPLOYMENT_TARGET = 7.1;
				ONLY_ACTIVE_ARCH = YES;
				SDKROOT = iphoneos;
			};
			name = Debug;
		};
		1FC68C0B18ECF82700788135 /* Release */ = {
			isa = XCBuildConfiguration;
			buildSettings = {
				ALWAYS_SEARCH_USER_PATHS = NO;
				CLANG_CXX_LANGUAGE_STANDARD = "gnu++0x";
				CLANG_CXX_LIBRARY = "libc++";
				CLANG_ENABLE_MODULES = YES;
				CLANG_ENABLE_OBJC_ARC = YES;
				CLANG_WARN_BOOL_CONVERSION = YES;
				CLANG_WARN_CONSTANT_CONVERSION = YES;
				CLANG_WARN_DIRECT_OBJC_ISA_USAGE = YES_ERROR;
				CLANG_WARN_EMPTY_BODY = YES;
				CLANG_WARN_ENUM_CONVERSION = YES;
				CLANG_WARN_INT_CONVERSION = YES;
				CLANG_WARN_OBJC_ROOT_CLASS = YES_ERROR;
				CLANG_WARN__DUPLICATE_METHOD_MATCH = YES;
				"CODE_SIGN_IDENTITY[sdk=iphoneos*]" = "iPhone Developer";
				COPY_PHASE_STRIP = YES;
				ENABLE_NS_ASSERTIONS = NO;
				GCC_C_LANGUAGE_STANDARD = gnu99;
				GCC_WARN_64_TO_32_BIT_CONVERSION = YES;
				GCC_WARN_ABOUT_RETURN_TYPE = YES_ERROR;
				GCC_WARN_UNDECLARED_SELECTOR = YES;
				GCC_WARN_UNINITIALIZED_AUTOS = YES_AGGRESSIVE;
				GCC_WARN_UNUSED_FUNCTION = YES;
				GCC_WARN_UNUSED_VARIABLE = YES;
				IPHONEOS_DEPLOYMENT_TARGET = 7.1;
				SDKROOT = iphoneos;
				VALIDATE_PRODUCT = YES;
			};
			name = Release;
		};
		1FC68C0D18ECF82700788135 /* Debug */ = {
			isa = XCBuildConfiguration;
			buildSettings = {
				ASSETCATALOG_COMPILER_APPICON_NAME = AppIcon;
				ASSETCATALOG_COMPILER_LAUNCHIMAGE_NAME = LaunchImage;
				GCC_PRECOMPILE_PREFIX_HEADER = YES;
				GCC_PREFIX_HEADER = "MatchUp/MatchUp-Prefix.pch";
				INFOPLIST_FILE = "MatchUp/MatchUp-Info.plist";
				PRODUCT_NAME = "$(TARGET_NAME)";
				WRAPPER_EXTENSION = app;
			};
			name = Debug;
		};
		1FC68C0E18ECF82700788135 /* Release */ = {
			isa = XCBuildConfiguration;
			buildSettings = {
				ASSETCATALOG_COMPILER_APPICON_NAME = AppIcon;
				ASSETCATALOG_COMPILER_LAUNCHIMAGE_NAME = LaunchImage;
				GCC_PRECOMPILE_PREFIX_HEADER = YES;
				GCC_PREFIX_HEADER = "MatchUp/MatchUp-Prefix.pch";
				INFOPLIST_FILE = "MatchUp/MatchUp-Info.plist";
				PRODUCT_NAME = "$(TARGET_NAME)";
				WRAPPER_EXTENSION = app;
			};
			name = Release;
		};
		1FC68C1018ECF82700788135 /* Debug */ = {
			isa = XCBuildConfiguration;
			buildSettings = {
				BUNDLE_LOADER = "$(BUILT_PRODUCTS_DIR)/MatchUp.app/MatchUp";
				FRAMEWORK_SEARCH_PATHS = (
					"$(SDKROOT)/Developer/Library/Frameworks",
					"$(inherited)",
					"$(DEVELOPER_FRAMEWORKS_DIR)",
				);
				GCC_PRECOMPILE_PREFIX_HEADER = YES;
				GCC_PREFIX_HEADER = "MatchUp/MatchUp-Prefix.pch";
				GCC_PREPROCESSOR_DEFINITIONS = (
					"DEBUG=1",
					"$(inherited)",
				);
				INFOPLIST_FILE = "MatchUpTests/MatchUpTests-Info.plist";
				PRODUCT_NAME = "$(TARGET_NAME)";
				TEST_HOST = "$(BUNDLE_LOADER)";
				WRAPPER_EXTENSION = xctest;
			};
			name = Debug;
		};
		1FC68C1118ECF82700788135 /* Release */ = {
			isa = XCBuildConfiguration;
			buildSettings = {
				BUNDLE_LOADER = "$(BUILT_PRODUCTS_DIR)/MatchUp.app/MatchUp";
				FRAMEWORK_SEARCH_PATHS = (
					"$(SDKROOT)/Developer/Library/Frameworks",
					"$(inherited)",
					"$(DEVELOPER_FRAMEWORKS_DIR)",
				);
				GCC_PRECOMPILE_PREFIX_HEADER = YES;
				GCC_PREFIX_HEADER = "MatchUp/MatchUp-Prefix.pch";
				INFOPLIST_FILE = "MatchUpTests/MatchUpTests-Info.plist";
				PRODUCT_NAME = "$(TARGET_NAME)";
				TEST_HOST = "$(BUNDLE_LOADER)";
				WRAPPER_EXTENSION = xctest;
			};
			name = Release;
		};
/* End XCBuildConfiguration section */

/* Begin XCConfigurationList section */
		1FC68BD218ECF82700788135 /* Build configuration list for PBXProject "MatchUp" */ = {
			isa = XCConfigurationList;
			buildConfigurations = (
				1FC68C0A18ECF82700788135 /* Debug */,
				1FC68C0B18ECF82700788135 /* Release */,
			);
			defaultConfigurationIsVisible = 0;
			defaultConfigurationName = Release;
		};
		1FC68C0C18ECF82700788135 /* Build configuration list for PBXNativeTarget "MatchUp" */ = {
			isa = XCConfigurationList;
			buildConfigurations = (
				1FC68C0D18ECF82700788135 /* Debug */,
				1FC68C0E18ECF82700788135 /* Release */,
			);
			defaultConfigurationIsVisible = 0;
		};
		1FC68C0F18ECF82700788135 /* Build configuration list for PBXNativeTarget "MatchUpTests" */ = {
			isa = XCConfigurationList;
			buildConfigurations = (
				1FC68C1018ECF82700788135 /* Debug */,
				1FC68C1118ECF82700788135 /* Release */,
			);
			defaultConfigurationIsVisible = 0;
		};
/* End XCConfigurationList section */
	};
	rootObject = 1FC68BCF18ECF82700788135 /* Project object */;
}
